
Microsoft Visual Studio Solution File, Format Version 12.00
# Visual Studio Version 16
VisualStudioVersion = 16.0.34601.136
MinimumVisualStudioVersion = 10.0.40219.1
Project("{FAE04EC0-301F-11D3-BF4B-00C04F79EFBC}") = "FluentValidation", "FluentValidation\FluentValidation.csproj", "{E1FF2C7E-0F29-4675-8F30-D0B3A5077BCD}"
EndProject
Project("{FAE04EC0-301F-11D3-BF4B-00C04F79EFBC}") = "MVVMlight", "MVVMlight\MVVMlight.csproj", "{9D07F535-23E3-47D2-ABDA-336AF987DC9B}"
EndProject
Project("{FAE04EC0-301F-11D3-BF4B-00C04F79EFBC}") = "BouncyCastle", "BouncyCastle\BouncyCastle.csproj", "{AAD5F355-5A1F-4F68-B5B0-21CA06CD1452}"
EndProject
Project("{FAE04EC0-301F-11D3-BF4B-00C04F79EFBC}") = "NLog", "NLog\NLog.csproj", "{6A8AAB26-CAAA-4D24-A005-34CCC8053947}"
EndProject
Project("{FAE04EC0-301F-11D3-BF4B-00C04F79EFBC}") = "Autofac", "Autofac\Autofac.csproj", "{C26BD985-4409-47D0-A4DA-56AFE7C05CCF}"
EndProject
Project("{FAE04EC0-301F-11D3-BF4B-00C04F79EFBC}") = "YamlDotNet", "YamlDotNet\YamlDotNet.csproj", "{9F7C580C-B596-47F9-A9A8-F632BC609038}"
EndProject
Project("{FAE04EC0-301F-11D3-BF4B-00C04F79EFBC}") = "WpfApp1", "WpfApp1\WpfApp1.csproj", "{FAAEB38A-8370-4D75-BC9F-1F8F0660B3D6}"
EndProject
Project("{FAE04EC0-301F-11D3-BF4B-00C04F79EFBC}") = "ShareResource", "ShareResource\ShareResource.csproj", "{5B011988-36B6-4B95-B8D5-3CD899DCADE1}"
EndProject
Project("{FAE04EC0-301F-11D3-BF4B-00C04F79EFBC}") = "ShareResourceMain", "ShareResourceMain\ShareResourceMain.csproj", "{15189F1C-BD8A-4AE9-AAB8-2CC5AD5414AB}"
EndProject
Project("{FAE04EC0-301F-11D3-BF4B-00C04F79EFBC}") = "DockPanelSuit", "DockPanelSuit\DockPanelSuit.csproj", "{F4EE7CD4-A0C0-4AE1-A7EA-671F7763186C}"
EndProject
Project("{FAE04EC0-301F-11D3-BF4B-00C04F79EFBC}") = "ImageDoing", "ImageDoing\ImageDoing.csproj", "{2129E614-F05C-4ACC-AE01-EEC4B5661D71}"
EndProject
Project("{FAE04EC0-301F-11D3-BF4B-00C04F79EFBC}") = "AvalonDockTest", "AvalonDockTest\AvalonDockTest.csproj", "{0A685A08-62DA-4F26-B092-8EC05E1DF871}"
EndProject
Project("{FAE04EC0-301F-11D3-BF4B-00C04F79EFBC}") = "Material", "Material\Material.csproj", "{A0FC081C-1191-416F-87AE-2EBED3FB215C}"
EndProject
Project("{FAE04EC0-301F-11D3-BF4B-00C04F79EFBC}") = "CustomCurve", "CustomCurve\CustomCurve.csproj", "{8333A9CE-79E0-45DD-A409-213E13E54009}"
EndProject
Global
	GlobalSection(SolutionConfigurationPlatforms) = preSolution
		Debug|Any CPU = Debug|Any CPU
		Release|Any CPU = Release|Any CPU
	EndGlobalSection
	GlobalSection(ProjectConfigurationPlatforms) = postSolution
		{E1FF2C7E-0F29-4675-8F30-D0B3A5077BCD}.Debug|Any CPU.ActiveCfg = Debug|Any CPU
		{E1FF2C7E-0F29-4675-8F30-D0B3A5077BCD}.Debug|Any CPU.Build.0 = Debug|Any CPU
		{E1FF2C7E-0F29-4675-8F30-D0B3A5077BCD}.Release|Any CPU.ActiveCfg = Release|Any CPU
		{E1FF2C7E-0F29-4675-8F30-D0B3A5077BCD}.Release|Any CPU.Build.0 = Release|Any CPU
		{9D07F535-23E3-47D2-ABDA-336AF987DC9B}.Debug|Any CPU.ActiveCfg = Debug|Any CPU
		{9D07F535-23E3-47D2-ABDA-336AF987DC9B}.Debug|Any CPU.Build.0 = Debug|Any CPU
		{9D07F535-23E3-47D2-ABDA-336AF987DC9B}.Release|Any CPU.ActiveCfg = Release|Any CPU
		{9D07F535-23E3-47D2-ABDA-336AF987DC9B}.Release|Any CPU.Build.0 = Release|Any CPU
		{AAD5F355-5A1F-4F68-B5B0-21CA06CD1452}.Debug|Any CPU.ActiveCfg = Debug|Any CPU
		{AAD5F355-5A1F-4F68-B5B0-21CA06CD1452}.Debug|Any CPU.Build.0 = Debug|Any CPU
		{AAD5F355-5A1F-4F68-B5B0-21CA06CD1452}.Release|Any CPU.ActiveCfg = Release|Any CPU
		{AAD5F355-5A1F-4F68-B5B0-21CA06CD1452}.Release|Any CPU.Build.0 = Release|Any CPU
		{6A8AAB26-CAAA-4D24-A005-34CCC8053947}.Debug|Any CPU.ActiveCfg = Debug|Any CPU
		{6A8AAB26-CAAA-4D24-A005-34CCC8053947}.Debug|Any CPU.Build.0 = Debug|Any CPU
		{6A8AAB26-CAAA-4D24-A005-34CCC8053947}.Release|Any CPU.ActiveCfg = Release|Any CPU
		{6A8AAB26-CAAA-4D24-A005-34CCC8053947}.Release|Any CPU.Build.0 = Release|Any CPU
		{C26BD985-4409-47D0-A4DA-56AFE7C05CCF}.Debug|Any CPU.ActiveCfg = Debug|Any CPU
		{C26BD985-4409-47D0-A4DA-56AFE7C05CCF}.Debug|Any CPU.Build.0 = Debug|Any CPU
		{C26BD985-4409-47D0-A4DA-56AFE7C05CCF}.Release|Any CPU.ActiveCfg = Release|Any CPU
		{C26BD985-4409-47D0-A4DA-56AFE7C05CCF}.Release|Any CPU.Build.0 = Release|Any CPU
		{9F7C580C-B596-47F9-A9A8-F632BC609038}.Debug|Any CPU.ActiveCfg = Debug|Any CPU
		{9F7C580C-B596-47F9-A9A8-F632BC609038}.Debug|Any CPU.Build.0 = Debug|Any CPU
		{9F7C580C-B596-47F9-A9A8-F632BC609038}.Release|Any CPU.ActiveCfg = Release|Any CPU
		{9F7C580C-B596-47F9-A9A8-F632BC609038}.Release|Any CPU.Build.0 = Release|Any CPU
		{FAAEB38A-8370-4D75-BC9F-1F8F0660B3D6}.Debug|Any CPU.ActiveCfg = Debug|Any CPU
		{FAAEB38A-8370-4D75-BC9F-1F8F0660B3D6}.Debug|Any CPU.Build.0 = Debug|Any CPU
		{FAAEB38A-8370-4D75-BC9F-1F8F0660B3D6}.Release|Any CPU.ActiveCfg = Release|Any CPU
		{FAAEB38A-8370-4D75-BC9F-1F8F0660B3D6}.Release|Any CPU.Build.0 = Release|Any CPU
		{5B011988-36B6-4B95-B8D5-3CD899DCADE1}.Debug|Any CPU.ActiveCfg = Debug|Any CPU
		{5B011988-36B6-4B95-B8D5-3CD899DCADE1}.Debug|Any CPU.Build.0 = Debug|Any CPU
		{5B011988-36B6-4B95-B8D5-3CD899DCADE1}.Release|Any CPU.ActiveCfg = Release|Any CPU
		{5B011988-36B6-4B95-B8D5-3CD899DCADE1}.Release|Any CPU.Build.0 = Release|Any CPU
		{15189F1C-BD8A-4AE9-AAB8-2CC5AD5414AB}.Debug|Any CPU.ActiveCfg = Debug|Any CPU
		{15189F1C-BD8A-4AE9-AAB8-2CC5AD5414AB}.Debug|Any CPU.Build.0 = Debug|Any CPU
		{15189F1C-BD8A-4AE9-AAB8-2CC5AD5414AB}.Release|Any CPU.ActiveCfg = Release|Any CPU
		{15189F1C-BD8A-4AE9-AAB8-2CC5AD5414AB}.Release|Any CPU.Build.0 = Release|Any CPU
		{F4EE7CD4-A0C0-4AE1-A7EA-671F7763186C}.Debug|Any CPU.ActiveCfg = Debug|Any CPU
		{F4EE7CD4-A0C0-4AE1-A7EA-671F7763186C}.Debug|Any CPU.Build.0 = Debug|Any CPU
		{F4EE7CD4-A0C0-4AE1-A7EA-671F7763186C}.Release|Any CPU.ActiveCfg = Release|Any CPU
		{F4EE7CD4-A0C0-4AE1-A7EA-671F7763186C}.Release|Any CPU.Build.0 = Release|Any CPU
		{2129E614-F05C-4ACC-AE01-EEC4B5661D71}.Debug|Any CPU.ActiveCfg = Debug|Any CPU
		{2129E614-F05C-4ACC-AE01-EEC4B5661D71}.Debug|Any CPU.Build.0 = Debug|Any CPU
		{2129E614-F05C-4ACC-AE01-EEC4B5661D71}.Release|Any CPU.ActiveCfg = Release|Any CPU
		{2129E614-F05C-4ACC-AE01-EEC4B5661D71}.Release|Any CPU.Build.0 = Release|Any CPU
		{0A685A08-62DA-4F26-B092-8EC05E1DF871}.Debug|Any CPU.ActiveCfg = Debug|Any CPU
		{0A685A08-62DA-4F26-B092-8EC05E1DF871}.Debug|Any CPU.Build.0 = Debug|Any CPU
		{0A685A08-62DA-4F26-B092-8EC05E1DF871}.Release|Any CPU.ActiveCfg = Release|Any CPU
		{0A685A08-62DA-4F26-B092-8EC05E1DF871}.Release|Any CPU.Build.0 = Release|Any CPU
		{A0FC081C-1191-416F-87AE-2EBED3FB215C}.Debug|Any CPU.ActiveCfg = Debug|Any CPU
		{A0FC081C-1191-416F-87AE-2EBED3FB215C}.Debug|Any CPU.Build.0 = Debug|Any CPU
		{A0FC081C-1191-416F-87AE-2EBED3FB215C}.Release|Any CPU.ActiveCfg = Release|Any CPU
		{A0FC081C-1191-416F-87AE-2EBED3FB215C}.Release|Any CPU.Build.0 = Release|Any CPU
		{8333A9CE-79E0-45DD-A409-213E13E54009}.Debug|Any CPU.ActiveCfg = Debug|Any CPU
		{8333A9CE-79E0-45DD-A409-213E13E54009}.Debug|Any CPU.Build.0 = Debug|Any CPU
		{8333A9CE-79E0-45DD-A409-213E13E54009}.Release|Any CPU.ActiveCfg = Release|Any CPU
		{8333A9CE-79E0-45DD-A409-213E13E54009}.Release|Any CPU.Build.0 = Release|Any CPU
	EndGlobalSection
	GlobalSection(SolutionProperties) = preSolution
		HideSolutionNode = FALSE
	EndGlobalSection
	GlobalSection(ExtensibilityGlobals) = postSolution
		SolutionGuid = {7E4D1DE1-F165-4379-97ED-DAA60BA53DF2}
	EndGlobalSection
EndGlobal
